
Microsoft Visual Studio Solution File, Format Version 12.00
# Visual Studio 15
VisualStudioVersion = 15.0.28307.705
MinimumVisualStudioVersion = 10.0.40219.1
Project("{FAE04EC0-301F-11D3-BF4B-00C04F79EFBC}") = "Github Test 2", "Github Test 2\Github Test 2.csproj", "{050289E0-FC11-4681-A1C0-FD7F2D650155}"
EndProject
Global
	GlobalSection(SolutionConfigurationPlatforms) = preSolution
		Debug|Any CPU = Debug|Any CPU
		Release|Any CPU = Release|Any CPU
	EndGlobalSection
	GlobalSection(ProjectConfigurationPlatforms) = postSolution
		{050289E0-FC11-4681-A1C0-FD7F2D650155}.Debug|Any CPU.ActiveCfg = Debug|Any CPU
		{050289E0-FC11-4681-A1C0-FD7F2D650155}.Debug|Any CPU.Build.0 = Debug|Any CPU
		{050289E0-FC11-4681-A1C0-FD7F2D650155}.Release|Any CPU.ActiveCfg = Release|Any CPU
		{050289E0-FC11-4681-A1C0-FD7F2D650155}.Release|Any CPU.Build.0 = Release|Any CPU
	EndGlobalSection
	GlobalSection(SolutionProperties) = preSolution
		HideSolutionNode = FALSE
	EndGlobalSection
	GlobalSection(ExtensibilityGlobals) = postSolution
		SolutionGuid = {D60F7993-45F2-4919-B69C-D2C021963AC0}
	EndGlobalSection
EndGlobal
